// !$*UTF8*$!
{
	archiveVersion = 1;
	classes = {
	};
	objectVersion = 56;
	objects = {

/* Begin PBXBuildFile section */
		3609CE202B9E52580095BC34 /* main.cpp in Sources */ = {isa = PBXBuildFile; fileRef = 3609CE1F2B9E52580095BC34 /* main.cpp */; };
		369491D72BA216670044E1CB /* Sphere.h in Sources */ = {isa = PBXBuildFile; fileRef = 364589C32BA211F900A89438 /* Sphere.h */; };
		369491D82BA216670044E1CB /* Cylinder.h in Sources */ = {isa = PBXBuildFile; fileRef = 364589C22BA211E500A89438 /* Cylinder.h */; };
		369491D92BA216670044E1CB /* Triangle.h in Sources */ = {isa = PBXBuildFile; fileRef = 364589BF2BA211A100A89438 /* Triangle.h */; };
		369491DA2BA216670044E1CB /* Circle.h in Sources */ = {isa = PBXBuildFile; fileRef = 364589C02BA211B900A89438 /* Circle.h */; };
		369491DB2BA216670044E1CB /* Shape3D.h in Sources */ = {isa = PBXBuildFile; fileRef = 364589BE2BA2118700A89438 /* Shape3D.h */; };
		369491DC2BA216670044E1CB /* TriangularPyramid.h in Sources */ = {isa = PBXBuildFile; fileRef = 364589C12BA211CA00A89438 /* TriangularPyramid.h */; };
		369491DD2BA216670044E1CB /* Square.h in Sources */ = {isa = PBXBuildFile; fileRef = 364589BD2BA2116C00A89438 /* Square.h */; };
		369491DE2BA216670044E1CB /* Shape2D.h in Sources */ = {isa = PBXBuildFile; fileRef = 364589BC2BA2115000A89438 /* Shape2D.h */; };
		369491DF2BA216670044E1CB /* Shape.h in Sources */ = {isa = PBXBuildFile; fileRef = 364589BB2BA2112B00A89438 /* Shape.h */; };
/* End PBXBuildFile section */

/* Begin PBXCopyFilesBuildPhase section */
		3609CE1A2B9E52580095BC34 /* CopyFiles */ = {
			isa = PBXCopyFilesBuildPhase;
			buildActionMask = 2147483647;
			dstPath = /usr/share/man/man1/;
			dstSubfolderSpec = 0;
			files = (
			);
			runOnlyForDeploymentPostprocessing = 1;
		};
/* End PBXCopyFilesBuildPhase section */

/* Begin PBXFileReference section */
		3609CE1C2B9E52580095BC34 /* laba3_4sem */ = {isa = PBXFileReference; explicitFileType = "compiled.mach-o.executable"; includeInIndex = 0; path = laba3_4sem; sourceTree = BUILT_PRODUCTS_DIR; };
		3609CE1F2B9E52580095BC34 /* main.cpp */ = {isa = PBXFileReference; lastKnownFileType = sourcecode.cpp.cpp; path = main.cpp; sourceTree = "<group>"; };
		364589BB2BA2112B00A89438 /* Shape.h */ = {isa = PBXFileReference; lastKnownFileType = sourcecode.c.h; path = Shape.h; sourceTree = "<group>"; };
		364589BC2BA2115000A89438 /* Shape2D.h */ = {isa = PBXFileReference; lastKnownFileType = sourcecode.c.h; name = Shape2D.h; path = laba3_4sem/Programm/Shape2D.h; sourceTree = SOURCE_ROOT; };
		364589BD2BA2116C00A89438 /* Square.h */ = {isa = PBXFileReference; lastKnownFileType = sourcecode.c.h; name = Square.h; path = laba3_4sem/Programm/Square.h; sourceTree = SOURCE_ROOT; };
		364589BE2BA2118700A89438 /* Shape3D.h */ = {isa = PBXFileReference; lastKnownFileType = sourcecode.c.h; name = Shape3D.h; path = laba3_4sem/Programm/Shape3D.h; sourceTree = SOURCE_ROOT; };
		364589BF2BA211A100A89438 /* Triangle.h */ = {isa = PBXFileReference; lastKnownFileType = sourcecode.c.h; name = Triangle.h; path = laba3_4sem/Programm/Triangle.h; sourceTree = SOURCE_ROOT; };
		364589C02BA211B900A89438 /* Circle.h */ = {isa = PBXFileReference; lastKnownFileType = sourcecode.c.h; path = Circle.h; sourceTree = "<group>"; };
		364589C12BA211CA00A89438 /* TriangularPyramid.h */ = {isa = PBXFileReference; lastKnownFileType = sourcecode.c.h; path = TriangularPyramid.h; sourceTree = "<group>"; };
		364589C22BA211E500A89438 /* Cylinder.h */ = {isa = PBXFileReference; lastKnownFileType = sourcecode.c.h; name = Cylinder.h; path = laba3_4sem/Programm/Cylinder.h; sourceTree = SOURCE_ROOT; };
		364589C32BA211F900A89438 /* Sphere.h */ = {isa = PBXFileReference; lastKnownFileType = sourcecode.c.h; name = Sphere.h; path = laba3_4sem/Programm/Sphere.h; sourceTree = SOURCE_ROOT; };
/* End PBXFileReference section */

/* Begin PBXFrameworksBuildPhase section */
		3609CE192B9E52580095BC34 /* Frameworks */ = {
			isa = PBXFrameworksBuildPhase;
			buildActionMask = 2147483647;
			files = (
			);
			runOnlyForDeploymentPostprocessing = 0;
		};
/* End PBXFrameworksBuildPhase section */

/* Begin PBXGroup section */
		3609CE132B9E52580095BC34 = {
			isa = PBXGroup;
			children = (
				3609CE1E2B9E52580095BC34 /* laba3_4sem */,
				3609CE1D2B9E52580095BC34 /* Products */,
			);
			sourceTree = "<group>";
		};
		3609CE1D2B9E52580095BC34 /* Products */ = {
			isa = PBXGroup;
			children = (
				3609CE1C2B9E52580095BC34 /* laba3_4sem */,
			);
			name = Products;
			sourceTree = "<group>";
		};
		3609CE1E2B9E52580095BC34 /* laba3_4sem */ = {
			isa = PBXGroup;
			children = (
				369491E02BA219EC0044E1CB /* Programm */,
			);
			path = laba3_4sem;
			sourceTree = "<group>";
		};
		369491E02BA219EC0044E1CB /* Programm */ = {
			isa = PBXGroup;
			children = (
				3609CE1F2B9E52580095BC34 /* main.cpp */,
				364589C32BA211F900A89438 /* Sphere.h */,
				364589C22BA211E500A89438 /* Cylinder.h */,
				364589BF2BA211A100A89438 /* Triangle.h */,
				364589C02BA211B900A89438 /* Circle.h */,
				364589BE2BA2118700A89438 /* Shape3D.h */,
				364589C12BA211CA00A89438 /* TriangularPyramid.h */,
				364589BD2BA2116C00A89438 /* Square.h */,
				364589BC2BA2115000A89438 /* Shape2D.h */,
				364589BB2BA2112B00A89438 /* Shape.h */,
			);
			path = Programm;
			sourceTree = "<group>";
		};
/* End PBXGroup section */

/* Begin PBXNativeTarget section */
		3609CE1B2B9E52580095BC34 /* laba3_4sem */ = {
			isa = PBXNativeTarget;
			buildConfigurationList = 3609CE232B9E52580095BC34 /* Build configuration list for PBXNativeTarget "laba3_4sem" */;
			buildPhases = (
				3609CE182B9E52580095BC34 /* Sources */,
				3609CE192B9E52580095BC34 /* Frameworks */,
				3609CE1A2B9E52580095BC34 /* CopyFiles */,
			);
			buildRules = (
			);
			dependencies = (
			);
			name = laba3_4sem;
			productName = laba3_4sem;
			productReference = 3609CE1C2B9E52580095BC34 /* laba3_4sem */;
			productType = "com.apple.product-type.tool";
		};
/* End PBXNativeTarget section */

/* Begin PBXProject section */
		3609CE142B9E52580095BC34 /* Project object */ = {
			isa = PBXProject;
			attributes = {
				BuildIndependentTargetsInParallel = 1;
				LastUpgradeCheck = 1500;
				TargetAttributes = {
					3609CE1B2B9E52580095BC34 = {
						CreatedOnToolsVersion = 15.0;
					};
				};
			};
			buildConfigurationList = 3609CE172B9E52580095BC34 /* Build configuration list for PBXProject "laba3_4sem" */;
			compatibilityVersion = "Xcode 14.0";
			developmentRegion = en;
			hasScannedForEncodings = 0;
			knownRegions = (
				en,
				Base,
			);
			mainGroup = 3609CE132B9E52580095BC34;
			productRefGroup = 3609CE1D2B9E52580095BC34 /* Products */;
			projectDirPath = "";
			projectRoot = "";
			targets = (
				3609CE1B2B9E52580095BC34 /* laba3_4sem */,
			);
		};
/* End PBXProject section */

/* Begin PBXSourcesBuildPhase section */
		3609CE182B9E52580095BC34 /* Sources */ = {
			isa = PBXSourcesBuildPhase;
			buildActionMask = 2147483647;
			files = (
				3609CE202B9E52580095BC34 /* main.cpp in Sources */,
				369491D72BA216670044E1CB /* Sphere.h in Sources */,
				369491D82BA216670044E1CB /* Cylinder.h in Sources */,
				369491D92BA216670044E1CB /* Triangle.h in Sources */,
				369491DA2BA216670044E1CB /* Circle.h in Sources */,
				369491DB2BA216670044E1CB /* Shape3D.h in Sources */,
				369491DC2BA216670044E1CB /* TriangularPyramid.h in Sources */,
				369491DD2BA216670044E1CB /* Square.h in Sources */,
				369491DE2BA216670044E1CB /* Shape2D.h in Sources */,
				369491DF2BA216670044E1CB /* Shape.h in Sources */,
			);
			runOnlyForDeploymentPostprocessing = 0;
		};
/* End PBXSourcesBuildPhase section */

/* Begin XCBuildConfiguration section */
		3609CE212B9E52580095BC34 /* Debug */ = {
			isa = XCBuildConfiguration;
			buildSettings = {
				ALWAYS_SEARCH_USER_PATHS = NO;
				ASSETCATALOG_COMPILER_GENERATE_SWIFT_ASSET_SYMBOL_EXTENSIONS = YES;
				CLANG_ANALYZER_NONNULL = YES;
				CLANG_ANALYZER_NUMBER_OBJECT_CONVERSION = YES_AGGRESSIVE;
				CLANG_CXX_LANGUAGE_STANDARD = "gnu++20";
				CLANG_ENABLE_MODULES = YES;
				CLANG_ENABLE_OBJC_ARC = YES;
				CLANG_ENABLE_OBJC_WEAK = YES;
				CLANG_WARN_BLOCK_CAPTURE_AUTORELEASING = YES;
				CLANG_WARN_BOOL_CONVERSION = YES;
				CLANG_WARN_COMMA = YES;
				CLANG_WARN_CONSTANT_CONVERSION = YES;
				CLANG_WARN_DEPRECATED_OBJC_IMPLEMENTATIONS = YES;
				CLANG_WARN_DIRECT_OBJC_ISA_USAGE = YES_ERROR;
				CLANG_WARN_DOCUMENTATION_COMMENTS = YES;
				CLANG_WARN_EMPTY_BODY = YES;
				CLANG_WARN_ENUM_CONVERSION = YES;
				CLANG_WARN_INFINITE_RECURSION = YES;
				CLANG_WARN_INT_CONVERSION = YES;
				CLANG_WARN_NON_LITERAL_NULL_CONVERSION = YES;
				CLANG_WARN_OBJC_IMPLICIT_RETAIN_SELF = YES;
				CLANG_WARN_OBJC_LITERAL_CONVERSION = YES;
				CLANG_WARN_OBJC_ROOT_CLASS = YES_ERROR;
				CLANG_WARN_QUOTED_INCLUDE_IN_FRAMEWORK_HEADER = YES;
				CLANG_WARN_RANGE_LOOP_ANALYSIS = YES;
				CLANG_WARN_STRICT_PROTOTYPES = YES;
				CLANG_WARN_SUSPICIOUS_MOVE = YES;
				CLANG_WARN_UNGUARDED_AVAILABILITY = YES_AGGRESSIVE;
				CLANG_WARN_UNREACHABLE_CODE = YES;
				CLANG_WARN__DUPLICATE_METHOD_MATCH = YES;
				COPY_PHASE_STRIP = NO;
				DEBUG_INFORMATION_FORMAT = dwarf;
				ENABLE_STRICT_OBJC_MSGSEND = YES;
				ENABLE_TESTABILITY = YES;
				ENABLE_USER_SCRIPT_SANDBOXING = YES;
				GCC_C_LANGUAGE_STANDARD = gnu17;
				GCC_DYNAMIC_NO_PIC = NO;
				GCC_NO_COMMON_BLOCKS = YES;
				GCC_OPTIMIZATION_LEVEL = 0;
				GCC_PREPROCESSOR_DEFINITIONS = (
					"DEBUG=1",
					"$(inherited)",
				);
				GCC_WARN_64_TO_32_BIT_CONVERSION = YES;
				GCC_WARN_ABOUT_RETURN_TYPE = YES_ERROR;
				GCC_WARN_UNDECLARED_SELECTOR = YES;
				GCC_WARN_UNINITIALIZED_AUTOS = YES_AGGRESSIVE;
				GCC_WARN_UNUSED_FUNCTION = YES;
				GCC_WARN_UNUSED_VARIABLE = YES;
				LOCALIZATION_PREFERS_STRING_CATALOGS = YES;
				MACOSX_DEPLOYMENT_TARGET = 14.0;
				MTL_ENABLE_DEBUG_INFO = INCLUDE_SOURCE;
				MTL_FAST_MATH = YES;
				ONLY_ACTIVE_ARCH = YES;
				SDKROOT = macosx;
			};
			name = Debug;
		};
		3609CE222B9E52580095BC34 /* Release */ = {
			isa = XCBuildConfiguration;
			buildSettings = {
				ALWAYS_SEARCH_USER_PATHS = NO;
				ASSETCATALOG_COMPILER_GENERATE_SWIFT_ASSET_SYMBOL_EXTENSIONS = YES;
				CLANG_ANALYZER_NONNULL = YES;
				CLANG_ANALYZER_NUMBER_OBJECT_CONVERSION = YES_AGGRESSIVE;
				CLANG_CXX_LANGUAGE_STANDARD = "gnu++20";
				CLANG_ENABLE_MODULES = YES;
				CLANG_ENABLE_OBJC_ARC = YES;
				CLANG_ENABLE_OBJC_WEAK = YES;
				CLANG_WARN_BLOCK_CAPTURE_AUTORELEASING = YES;
				CLANG_WARN_BOOL_CONVERSION = YES;
				CLANG_WARN_COMMA = YES;
				CLANG_WARN_CONSTANT_CONVERSION = YES;
				CLANG_WARN_DEPRECATED_OBJC_IMPLEMENTATIONS = YES;
				CLANG_WARN_DIRECT_OBJC_ISA_USAGE = YES_ERROR;
				CLANG_WARN_DOCUMENTATION_COMMENTS = YES;
				CLANG_WARN_EMPTY_BODY = YES;
				CLANG_WARN_ENUM_CONVERSION = YES;
				CLANG_WARN_INFINITE_RECURSION = YES;
				CLANG_WARN_INT_CONVERSION = YES;
				CLANG_WARN_NON_LITERAL_NULL_CONVERSION = YES;
				CLANG_WARN_OBJC_IMPLICIT_RETAIN_SELF = YES;
				CLANG_WARN_OBJC_LITERAL_CONVERSION = YES;
				CLANG_WARN_OBJC_ROOT_CLASS = YES_ERROR;
				CLANG_WARN_QUOTED_INCLUDE_IN_FRAMEWORK_HEADER = YES;
				CLANG_WARN_RANGE_LOOP_ANALYSIS = YES;
				CLANG_WARN_STRICT_PROTOTYPES = YES;
				CLANG_WARN_SUSPICIOUS_MOVE = YES;
				CLANG_WARN_UNGUARDED_AVAILABILITY = YES_AGGRESSIVE;
				CLANG_WARN_UNREACHABLE_CODE = YES;
				CLANG_WARN__DUPLICATE_METHOD_MATCH = YES;
				COPY_PHASE_STRIP = NO;
				DEBUG_INFORMATION_FORMAT = "dwarf-with-dsym";
				ENABLE_NS_ASSERTIONS = NO;
				ENABLE_STRICT_OBJC_MSGSEND = YES;
				ENABLE_USER_SCRIPT_SANDBOXING = YES;
				GCC_C_LANGUAGE_STANDARD = gnu17;
				GCC_NO_COMMON_BLOCKS = YES;
				GCC_WARN_64_TO_32_BIT_CONVERSION = YES;
				GCC_WARN_ABOUT_RETURN_TYPE = YES_ERROR;
				GCC_WARN_UNDECLARED_SELECTOR = YES;
				GCC_WARN_UNINITIALIZED_AUTOS = YES_AGGRESSIVE;
				GCC_WARN_UNUSED_FUNCTION = YES;
				GCC_WARN_UNUSED_VARIABLE = YES;
				LOCALIZATION_PREFERS_STRING_CATALOGS = YES;
				MACOSX_DEPLOYMENT_TARGET = 14.0;
				MTL_ENABLE_DEBUG_INFO = NO;
				MTL_FAST_MATH = YES;
				SDKROOT = macosx;
			};
			name = Release;
		};
		3609CE242B9E52580095BC34 /* Debug */ = {
			isa = XCBuildConfiguration;
			buildSettings = {
				CODE_SIGN_STYLE = Automatic;
				PRODUCT_NAME = "$(TARGET_NAME)";
			};
			name = Debug;
		};
		3609CE252B9E52580095BC34 /* Release */ = {
			isa = XCBuildConfiguration;
			buildSettings = {
				CODE_SIGN_STYLE = Automatic;
				PRODUCT_NAME = "$(TARGET_NAME)";
			};
			name = Release;
		};
/* End XCBuildConfiguration section */

/* Begin XCConfigurationList section */
		3609CE172B9E52580095BC34 /* Build configuration list for PBXProject "laba3_4sem" */ = {
			isa = XCConfigurationList;
			buildConfigurations = (
				3609CE212B9E52580095BC34 /* Debug */,
				3609CE222B9E52580095BC34 /* Release */,
			);
			defaultConfigurationIsVisible = 0;
			defaultConfigurationName = Release;
		};
		3609CE232B9E52580095BC34 /* Build configuration list for PBXNativeTarget "laba3_4sem" */ = {
			isa = XCConfigurationList;
			buildConfigurations = (
				3609CE242B9E52580095BC34 /* Debug */,
				3609CE252B9E52580095BC34 /* Release */,
			);
			defaultConfigurationIsVisible = 0;
			defaultConfigurationName = Release;
		};
/* End XCConfigurationList section */
	};
	rootObject = 3609CE142B9E52580095BC34 /* Project object */;
}
